
Microsoft Visual Studio Solution File, Format Version 12.00
# Visual Studio Version 17
VisualStudioVersion = 17.8.34330.188
MinimumVisualStudioVersion = 10.0.40219.1
Project("{FAE04EC0-301F-11D3-BF4B-00C04F79EFBC}") = "UdemyProject", "UdemyProject\UdemyProject.csproj", "{FFF9F27C-50CF-4DC5-9F54-27A4BE35F34F}"
EndProject
Global
	GlobalSection(SolutionConfigurationPlatforms) = preSolution
		Debug|Any CPU = Debug|Any CPU
		Release|Any CPU = Release|Any CPU
	EndGlobalSection
	GlobalSection(ProjectConfigurationPlatforms) = postSolution
		{FFF9F27C-50CF-4DC5-9F54-27A4BE35F34F}.Debug|Any CPU.ActiveCfg = Debug|Any CPU
		{FFF9F27C-50CF-4DC5-9F54-27A4BE35F34F}.Debug|Any CPU.Build.0 = Debug|Any CPU
		{FFF9F27C-50CF-4DC5-9F54-27A4BE35F34F}.Release|Any CPU.ActiveCfg = Release|Any CPU
		{FFF9F27C-50CF-4DC5-9F54-27A4BE35F34F}.Release|Any CPU.Build.0 = Release|Any CPU
	EndGlobalSection
	GlobalSection(SolutionProperties) = preSolution
		HideSolutionNode = FALSE
	EndGlobalSection
	GlobalSection(ExtensibilityGlobals) = postSolution
		SolutionGuid = {0E198152-743F-4F58-B006-7D3BE2BE9081}
	EndGlobalSection
EndGlobal
